
Microsoft Visual Studio Solution File, Format Version 12.00
# Visual Studio Version 16
VisualStudioVersion = 16.0.32106.194
MinimumVisualStudioVersion = 10.0.40219.1
Project("{FAE04EC0-301F-11D3-BF4B-00C04F79EFBC}") = "Privat_RPG", "Privat_RPG\Privat_RPG.csproj", "{2C79DAF8-F25E-4988-87EA-AFDD0FE20AA1}"
EndProject
Global
	GlobalSection(SolutionConfigurationPlatforms) = preSolution
		Debug|Any CPU = Debug|Any CPU
		Release|Any CPU = Release|Any CPU
	EndGlobalSection
	GlobalSection(ProjectConfigurationPlatforms) = postSolution
		{2C79DAF8-F25E-4988-87EA-AFDD0FE20AA1}.Debug|Any CPU.ActiveCfg = Debug|Any CPU
		{2C79DAF8-F25E-4988-87EA-AFDD0FE20AA1}.Debug|Any CPU.Build.0 = Debug|Any CPU
		{2C79DAF8-F25E-4988-87EA-AFDD0FE20AA1}.Release|Any CPU.ActiveCfg = Release|Any CPU
		{2C79DAF8-F25E-4988-87EA-AFDD0FE20AA1}.Release|Any CPU.Build.0 = Release|Any CPU
	EndGlobalSection
	GlobalSection(SolutionProperties) = preSolution
		HideSolutionNode = FALSE
	EndGlobalSection
	GlobalSection(ExtensibilityGlobals) = postSolution
		SolutionGuid = {2427D74D-0436-41EB-8FED-8703C00F6137}
	EndGlobalSection
EndGlobal
